
Microsoft Visual Studio Solution File, Format Version 12.00
# Visual Studio 15
VisualStudioVersion = 15.0.27130.2026
MinimumVisualStudioVersion = 10.0.40219.1
Project("{8BC9CEB8-8B4A-11D0-8D11-00A0C91BC942}") = "H0SimGL", "H0SimGL\H0SimGL.vcxproj", "{9203BCFC-4184-4CF5-AF8A-FF51798BF9A1}"
EndProject
Project("{8BC9CEB8-8B4A-11D0-8D11-00A0C91BC942}") = "H1Maze", "H1Maze\H1Maze.vcxproj", "{3661FB2A-59A0-43F8-9D2C-853201C26C96}"
EndProject
Project("{8BC9CEB8-8B4A-11D0-8D11-00A0C91BC942}") = "SimpleDraw", "SimpleDraw\SimpleDraw.vcxproj", "{F412AE93-E5D9-4B38-A8F3-0353079C84E2}"
EndProject
Project("{8BC9CEB8-8B4A-11D0-8D11-00A0C91BC942}") = "H2SoftRndrMaze", "H2SoftRndr\MazeViewer.vcxproj", "{4BA03E01-B32B-41EB-83D7-9B4C794205E2}"
EndProject
Project("{2150E333-8FDC-42A3-9474-1A3956D46DE8}") = "Solution Items", "Solution Items", "{8697C201-9725-4E5E-B7FF-33AB6960D724}"
	ProjectSection(SolutionItems) = preProject
		README.md = README.md
	EndProjectSection
EndProject
Global
	GlobalSection(SolutionConfigurationPlatforms) = preSolution
		Debug|x64 = Debug|x64
		Debug|x86 = Debug|x86
		Release|x64 = Release|x64
		Release|x86 = Release|x86
	EndGlobalSection
	GlobalSection(ProjectConfigurationPlatforms) = postSolution
		{9203BCFC-4184-4CF5-AF8A-FF51798BF9A1}.Debug|x64.ActiveCfg = Debug|x64
		{9203BCFC-4184-4CF5-AF8A-FF51798BF9A1}.Debug|x64.Build.0 = Debug|x64
		{9203BCFC-4184-4CF5-AF8A-FF51798BF9A1}.Debug|x86.ActiveCfg = Debug|Win32
		{9203BCFC-4184-4CF5-AF8A-FF51798BF9A1}.Debug|x86.Build.0 = Debug|Win32
		{9203BCFC-4184-4CF5-AF8A-FF51798BF9A1}.Release|x64.ActiveCfg = Release|x64
		{9203BCFC-4184-4CF5-AF8A-FF51798BF9A1}.Release|x64.Build.0 = Release|x64
		{9203BCFC-4184-4CF5-AF8A-FF51798BF9A1}.Release|x86.ActiveCfg = Release|Win32
		{9203BCFC-4184-4CF5-AF8A-FF51798BF9A1}.Release|x86.Build.0 = Release|Win32
		{3661FB2A-59A0-43F8-9D2C-853201C26C96}.Debug|x64.ActiveCfg = Debug|x64
		{3661FB2A-59A0-43F8-9D2C-853201C26C96}.Debug|x64.Build.0 = Debug|x64
		{3661FB2A-59A0-43F8-9D2C-853201C26C96}.Debug|x86.ActiveCfg = Debug|Win32
		{3661FB2A-59A0-43F8-9D2C-853201C26C96}.Debug|x86.Build.0 = Debug|Win32
		{3661FB2A-59A0-43F8-9D2C-853201C26C96}.Release|x64.ActiveCfg = Release|x64
		{3661FB2A-59A0-43F8-9D2C-853201C26C96}.Release|x64.Build.0 = Release|x64
		{3661FB2A-59A0-43F8-9D2C-853201C26C96}.Release|x86.ActiveCfg = Release|Win32
		{3661FB2A-59A0-43F8-9D2C-853201C26C96}.Release|x86.Build.0 = Release|Win32
		{F412AE93-E5D9-4B38-A8F3-0353079C84E2}.Debug|x64.ActiveCfg = Debug|Win32
		{F412AE93-E5D9-4B38-A8F3-0353079C84E2}.Debug|x86.ActiveCfg = Debug|Win32
		{F412AE93-E5D9-4B38-A8F3-0353079C84E2}.Debug|x86.Build.0 = Debug|Win32
		{F412AE93-E5D9-4B38-A8F3-0353079C84E2}.Release|x64.ActiveCfg = Release|Win32
		{F412AE93-E5D9-4B38-A8F3-0353079C84E2}.Release|x86.ActiveCfg = Release|Win32
		{F412AE93-E5D9-4B38-A8F3-0353079C84E2}.Release|x86.Build.0 = Release|Win32
		{4BA03E01-B32B-41EB-83D7-9B4C794205E2}.Debug|x64.ActiveCfg = Debug|Win32
		{4BA03E01-B32B-41EB-83D7-9B4C794205E2}.Debug|x86.ActiveCfg = Debug|Win32
		{4BA03E01-B32B-41EB-83D7-9B4C794205E2}.Debug|x86.Build.0 = Debug|Win32
		{4BA03E01-B32B-41EB-83D7-9B4C794205E2}.Release|x64.ActiveCfg = Release|Win32
		{4BA03E01-B32B-41EB-83D7-9B4C794205E2}.Release|x86.ActiveCfg = Release|Win32
		{4BA03E01-B32B-41EB-83D7-9B4C794205E2}.Release|x86.Build.0 = Release|Win32
	EndGlobalSection
	GlobalSection(SolutionProperties) = preSolution
		HideSolutionNode = FALSE
	EndGlobalSection
	GlobalSection(ExtensibilityGlobals) = postSolution
		SolutionGuid = {43471570-0959-4347-A86D-99024737A75E}
	EndGlobalSection
EndGlobal
